
Microsoft Visual Studio Solution File, Format Version 12.00
# Visual Studio 15
VisualStudioVersion = 15.0.27130.2024
MinimumVisualStudioVersion = 10.0.40219.1
Project("{9A19103F-16F7-4668-BE54-9A1E7A4F7556}") = "OwinCommunicationListener", "src\OwinCommunicationListener\OwinCommunicationListener.csproj", "{067627F0-A59B-4A9C-BAFB-73D027845448}"
EndProject
Project("{FAE04EC0-301F-11D3-BF4B-00C04F79EFBC}") = "ConfigurationProvider", "src\ConfigurationProvider\ConfigurationProvider.csproj", "{53CF773B-D3A1-4B49-9B87-29264DE96475}"
EndProject
Global
	GlobalSection(SolutionConfigurationPlatforms) = preSolution
		Debug|Any CPU = Debug|Any CPU
		Release|Any CPU = Release|Any CPU
	EndGlobalSection
	GlobalSection(ProjectConfigurationPlatforms) = postSolution
		{067627F0-A59B-4A9C-BAFB-73D027845448}.Debug|Any CPU.ActiveCfg = Debug|Any CPU
		{067627F0-A59B-4A9C-BAFB-73D027845448}.Debug|Any CPU.Build.0 = Debug|Any CPU
		{067627F0-A59B-4A9C-BAFB-73D027845448}.Release|Any CPU.ActiveCfg = Release|Any CPU
		{067627F0-A59B-4A9C-BAFB-73D027845448}.Release|Any CPU.Build.0 = Release|Any CPU
		{53CF773B-D3A1-4B49-9B87-29264DE96475}.Debug|Any CPU.ActiveCfg = Debug|Any CPU
		{53CF773B-D3A1-4B49-9B87-29264DE96475}.Debug|Any CPU.Build.0 = Debug|Any CPU
		{53CF773B-D3A1-4B49-9B87-29264DE96475}.Release|Any CPU.ActiveCfg = Release|Any CPU
		{53CF773B-D3A1-4B49-9B87-29264DE96475}.Release|Any CPU.Build.0 = Release|Any CPU
	EndGlobalSection
	GlobalSection(SolutionProperties) = preSolution
		HideSolutionNode = FALSE
	EndGlobalSection
	GlobalSection(ExtensibilityGlobals) = postSolution
		SolutionGuid = {C38CE474-CD25-442F-B6A6-CE0EB2E78622}
	EndGlobalSection
EndGlobal
